
Microsoft Visual Studio Solution File, Format Version 12.00
# Visual Studio Version 17
VisualStudioVersion = 17.8.34330.188
MinimumVisualStudioVersion = 10.0.40219.1
Project("{9A19103F-16F7-4668-BE54-9A1E7A4F7556}") = "ProjetoFinal", "ProjetoFinal\ProjetoFinal.csproj", "{18F31FCA-5BA4-4102-8E6B-93EDC44C73B6}"
EndProject
Project("{FAE04EC0-301F-11D3-BF4B-00C04F79EFBC}") = "ProjetoFinal_UnitTest", "ProjetoFinal_UnitTest\ProjetoFinal_UnitTest.csproj", "{C31014D6-5E20-422A-9EEB-F77FD8085428}"
EndProject
Global
	GlobalSection(SolutionConfigurationPlatforms) = preSolution
		Debug|Any CPU = Debug|Any CPU
		Release|Any CPU = Release|Any CPU
	EndGlobalSection
	GlobalSection(ProjectConfigurationPlatforms) = postSolution
		{18F31FCA-5BA4-4102-8E6B-93EDC44C73B6}.Debug|Any CPU.ActiveCfg = Debug|Any CPU
		{18F31FCA-5BA4-4102-8E6B-93EDC44C73B6}.Debug|Any CPU.Build.0 = Debug|Any CPU
		{18F31FCA-5BA4-4102-8E6B-93EDC44C73B6}.Release|Any CPU.ActiveCfg = Release|Any CPU
		{18F31FCA-5BA4-4102-8E6B-93EDC44C73B6}.Release|Any CPU.Build.0 = Release|Any CPU
		{C31014D6-5E20-422A-9EEB-F77FD8085428}.Debug|Any CPU.ActiveCfg = Debug|Any CPU
		{C31014D6-5E20-422A-9EEB-F77FD8085428}.Debug|Any CPU.Build.0 = Debug|Any CPU
		{C31014D6-5E20-422A-9EEB-F77FD8085428}.Release|Any CPU.ActiveCfg = Release|Any CPU
		{C31014D6-5E20-422A-9EEB-F77FD8085428}.Release|Any CPU.Build.0 = Release|Any CPU
	EndGlobalSection
	GlobalSection(SolutionProperties) = preSolution
		HideSolutionNode = FALSE
	EndGlobalSection
	GlobalSection(ExtensibilityGlobals) = postSolution
		SolutionGuid = {5B8A7059-74DB-40B2-B9CE-4867234DDAF9}
	EndGlobalSection
EndGlobal
